
Microsoft Visual Studio Solution File, Format Version 12.00
# Visual Studio Version 16
VisualStudioVersion = 16.0.33328.57
MinimumVisualStudioVersion = 10.0.40219.1
Project("{FAE04EC0-301F-11D3-BF4B-00C04F79EFBC}") = "MainMethod", "MainMethod\MainMethod.csproj", "{549E3CFA-C4ED-4D9A-BE6A-5DB8B8910C29}"
EndProject
Global
	GlobalSection(SolutionConfigurationPlatforms) = preSolution
		Debug|Any CPU = Debug|Any CPU
		Release|Any CPU = Release|Any CPU
	EndGlobalSection
	GlobalSection(ProjectConfigurationPlatforms) = postSolution
		{549E3CFA-C4ED-4D9A-BE6A-5DB8B8910C29}.Debug|Any CPU.ActiveCfg = Debug|Any CPU
		{549E3CFA-C4ED-4D9A-BE6A-5DB8B8910C29}.Debug|Any CPU.Build.0 = Debug|Any CPU
		{549E3CFA-C4ED-4D9A-BE6A-5DB8B8910C29}.Release|Any CPU.ActiveCfg = Release|Any CPU
		{549E3CFA-C4ED-4D9A-BE6A-5DB8B8910C29}.Release|Any CPU.Build.0 = Release|Any CPU
	EndGlobalSection
	GlobalSection(SolutionProperties) = preSolution
		HideSolutionNode = FALSE
	EndGlobalSection
	GlobalSection(ExtensibilityGlobals) = postSolution
		SolutionGuid = {FC10634D-091F-46FB-A048-EEBBBE8F1D09}
	EndGlobalSection
EndGlobal
